{
  "version": 2,
  "dependencies": {
    "net10.0": {
      "Meziantou.Analyzer": {
        "type": "Direct",
        "requested": "[3.0.257, )",
        "resolved": "3.0.257",
        "contentHash": "165MJVOaCy46Jevdc4/1ni3OeJgtp+3WS0FKvH/0KD7Dth0hK9Yf7yWKoWg/lKGfhvVoQYypeQkZTuGFcXrqVg=="
      },
      "Microsoft.VisualStudio.Threading.Analyzers": {
        "type": "Direct",
        "requested": "[18.7.23, )",
        "resolved": "18.7.23",
        "contentHash": "dyj6z8m+LFjpeH69hdnciCcRCmD0YgMlvuQEywiEshjqj/blgQ+PuWX8Vd5gkWQFoBN4e+TFxx6DvGNSv/gIKg=="
      }
    },
    "net10.0/win-arm64": {},
    "net10.0/win-x64": {}
  }
}