{
  "version": 2,
  "dependencies": {
    "net10.0": {
      "Meziantou.Analyzer": {
        "type": "Direct",
        "requested": "[3.0.224, )",
        "resolved": "3.0.224",
        "contentHash": "VJ1odmBzUroCdGdQq/sh17s5zPe9jHC2jFnMNQf4z4SUfbP7GKiC7iSKEBnsX3mfEAlGKdB0r9dQ/wm2EvMR/A=="
      },
      "Microsoft.VisualStudio.Threading.Analyzers": {
        "type": "Direct",
        "requested": "[18.7.23, )",
        "resolved": "18.7.23",
        "contentHash": "dyj6z8m+LFjpeH69hdnciCcRCmD0YgMlvuQEywiEshjqj/blgQ+PuWX8Vd5gkWQFoBN4e+TFxx6DvGNSv/gIKg=="
      }
    },
    "net10.0/win-arm64": {},
    "net10.0/win-x64": {}
  }
}