{
  "version": 2,
  "dependencies": {
    "net10.0": {
      "Meziantou.Analyzer": {
        "type": "Direct",
        "requested": "[3.0.130, )",
        "resolved": "3.0.130",
        "contentHash": "w/v3D0Au2jbi/kyCod2Aitq5iw5Ui5+riT5xoa02PobTy3gAxYkqbPLhba+f3j0ZlHqIV4Bh9C74r4S8Y6HMoA=="
      },
      "Microsoft.DotNet.ILCompiler": {
        "type": "Direct",
        "requested": "[10.0.8, )",
        "resolved": "10.0.8",
        "contentHash": "RJxitcN5CCyZDcPNXKLsecwKvACzmy8C1z8hGM9+hFcnPhv1jDysJFFIeUHIPWaZ6wDAfYtZcgKEtegvL2Nz8A=="
      },
      "Microsoft.NET.ILLink.Tasks": {
        "type": "Direct",
        "requested": "[10.0.8, )",
        "resolved": "10.0.8",
        "contentHash": "dVbSXGIFNR5nZcv2tOLoWI+a9T4jtFd77IYjuND+QVe360qWgAF7H0WtoopYhRw/+SgpGUTyrkrh+65+ClNnfw=="
      },
      "Microsoft.VisualStudio.Threading.Analyzers": {
        "type": "Direct",
        "requested": "[18.7.23, )",
        "resolved": "18.7.23",
        "contentHash": "dyj6z8m+LFjpeH69hdnciCcRCmD0YgMlvuQEywiEshjqj/blgQ+PuWX8Vd5gkWQFoBN4e+TFxx6DvGNSv/gIKg=="
      }
    },
    "net10.0/linux-x64": {
      "Microsoft.DotNet.ILCompiler": {
        "type": "Direct",
        "requested": "[10.0.8, )",
        "resolved": "10.0.8",
        "contentHash": "RJxitcN5CCyZDcPNXKLsecwKvACzmy8C1z8hGM9+hFcnPhv1jDysJFFIeUHIPWaZ6wDAfYtZcgKEtegvL2Nz8A==",
        "dependencies": {
          "runtime.linux-x64.Microsoft.DotNet.ILCompiler": "10.0.8"
        }
      },
      "runtime.linux-x64.Microsoft.DotNet.ILCompiler": {
        "type": "Transitive",
        "resolved": "10.0.8",
        "contentHash": "0jxyi69frgaqADCnEpHE+f65NoiRTAjfjvNDMOxWV77BumQ56eMDL4ECw29DcJTqwaYJQ92PqDS6y6CiLf7kgw=="
      }
    },
    "net10.0/win-arm64": {
      "Microsoft.DotNet.ILCompiler": {
        "type": "Direct",
        "requested": "[10.0.8, )",
        "resolved": "10.0.8",
        "contentHash": "RJxitcN5CCyZDcPNXKLsecwKvACzmy8C1z8hGM9+hFcnPhv1jDysJFFIeUHIPWaZ6wDAfYtZcgKEtegvL2Nz8A==",
        "dependencies": {
          "runtime.win-arm64.Microsoft.DotNet.ILCompiler": "10.0.8"
        }
      },
      "runtime.win-arm64.Microsoft.DotNet.ILCompiler": {
        "type": "Transitive",
        "resolved": "10.0.8",
        "contentHash": "Pio3JTVKDkbLYego8PxF8avADSCSEMZYPiuTbhz7QagfwI9ssoMcN/MZmCJQn5Tph3mMggH6aGkcy/BI81gEZA=="
      }
    },
    "net10.0/win-x64": {
      "Microsoft.DotNet.ILCompiler": {
        "type": "Direct",
        "requested": "[10.0.8, )",
        "resolved": "10.0.8",
        "contentHash": "RJxitcN5CCyZDcPNXKLsecwKvACzmy8C1z8hGM9+hFcnPhv1jDysJFFIeUHIPWaZ6wDAfYtZcgKEtegvL2Nz8A==",
        "dependencies": {
          "runtime.win-x64.Microsoft.DotNet.ILCompiler": "10.0.8"
        }
      },
      "runtime.win-x64.Microsoft.DotNet.ILCompiler": {
        "type": "Transitive",
        "resolved": "10.0.8",
        "contentHash": "S+9omeowlFjRReD0VB/Q4u3DcN7+vueJSF37saFj0U2OSJIkfI7gGKQRsDxGIf0MwLha14qGrjRC3bDGhvF0Gg=="
      }
    }
  }
}